// !$*UTF8*$!
{
	archiveVersion = 1;
	classes = {
	};
	objectVersion = 50;
	objects = {

/* Begin PBXBuildFile section */
		B42FFF672524C0CB00802F59 /* AppDelegate.swift in Sources */ = {isa = PBXBuildFile; fileRef = B42FFF662524C0CB00802F59 /* AppDelegate.swift */; };
		B42FFF692524C0CB00802F59 /* SceneDelegate.swift in Sources */ = {isa = PBXBuildFile; fileRef = B42FFF682524C0CB00802F59 /* SceneDelegate.swift */; };
		B42FFF6B2524C0CB00802F59 /* ViewController.swift in Sources */ = {isa = PBXBuildFile; fileRef = B42FFF6A2524C0CB00802F59 /* ViewController.swift */; };
		B42FFF6E2524C0CB00802F59 /* Main.storyboard in Resources */ = {isa = PBXBuildFile; fileRef = B42FFF6C2524C0CB00802F59 /* Main.storyboard */; };
		B42FFF702524C0CC00802F59 /* Assets.xcassets in Resources */ = {isa = PBXBuildFile; fileRef = B42FFF6F2524C0CC00802F59 /* Assets.xcassets */; };
		B42FFF732524C0CC00802F59 /* LaunchScreen.storyboard in Resources */ = {isa = PBXBuildFile; fileRef = B42FFF712524C0CC00802F59 /* LaunchScreen.storyboard */; };
/* End PBXBuildFile section */

/* Begin PBXFileReference section */
		B42FFF632524C0CB00802F59 /* Color FlashLight.app */ = {isa = PBXFileReference; explicitFileType = wrapper.application; includeInIndex = 0; path = "Color FlashLight.app"; sourceTree = BUILT_PRODUCTS_DIR; };
		B42FFF662524C0CB00802F59 /* AppDelegate.swift */ = {isa = PBXFileReference; lastKnownFileType = sourcecode.swift; path = AppDelegate.swift; sourceTree = "<group>"; };
		B42FFF682524C0CB00802F59 /* SceneDelegate.swift */ = {isa = PBXFileReference; lastKnownFileType = sourcecode.swift; path = SceneDelegate.swift; sourceTree = "<group>"; };
		B42FFF6A2524C0CB00802F59 /* ViewController.swift */ = {isa = PBXFileReference; lastKnownFileType = sourcecode.swift; path = ViewController.swift; sourceTree = "<group>"; };
		B42FFF6D2524C0CB00802F59 /* Base */ = {isa = PBXFileReference; lastKnownFileType = file.storyboard; name = Base; path = Base.lproj/Main.storyboard; sourceTree = "<group>"; };
		B42FFF6F2524C0CC00802F59 /* Assets.xcassets */ = {isa = PBXFileReference; lastKnownFileType = folder.assetcatalog; path = Assets.xcassets; sourceTree = "<group>"; };
		B42FFF722524C0CC00802F59 /* Base */ = {isa = PBXFileReference; lastKnownFileType = file.storyboard; name = Base; path = Base.lproj/LaunchScreen.storyboard; sourceTree = "<group>"; };
		B42FFF742524C0CC00802F59 /* Info.plist */ = {isa = PBXFileReference; lastKnownFileType = text.plist.xml; path = Info.plist; sourceTree = "<group>"; };
		B4F49E082551B3BF000CB802 /* Снимок экрана 2020-11-03 в 18.47.48.png */ = {isa = PBXFileReference; lastKnownFileType = image.png; path = "Снимок экрана 2020-11-03 в 18.47.48.png"; sourceTree = "<group>"; };
		B4F49E092551B3BF000CB802 /* Снимок экрана 2020-11-03 в 18.48.24.png */ = {isa = PBXFileReference; lastKnownFileType = image.png; path = "Снимок экрана 2020-11-03 в 18.48.24.png"; sourceTree = "<group>"; };
/* End PBXFileReference section */

/* Begin PBXFrameworksBuildPhase section */
		B42FFF602524C0CB00802F59 /* Frameworks */ = {
			isa = PBXFrameworksBuildPhase;
			buildActionMask = 2147483647;
			files = (
			);
			runOnlyForDeploymentPostprocessing = 0;
		};
/* End PBXFrameworksBuildPhase section */

/* Begin PBXGroup section */
		B42FFF5A2524C0CB00802F59 = {
			isa = PBXGroup;
			children = (
				B42FFF652524C0CB00802F59 /* Color FlashLight */,
				B42FFF642524C0CB00802F59 /* Products */,
			);
			sourceTree = "<group>";
		};
		B42FFF642524C0CB00802F59 /* Products */ = {
			isa = PBXGroup;
			children = (
				B42FFF632524C0CB00802F59 /* Color FlashLight.app */,
			);
			name = Products;
			sourceTree = "<group>";
		};
		B42FFF652524C0CB00802F59 /* Color FlashLight */ = {
			isa = PBXGroup;
			children = (
				B42FFF662524C0CB00802F59 /* AppDelegate.swift */,
				B42FFF682524C0CB00802F59 /* SceneDelegate.swift */,
				B42FFF6A2524C0CB00802F59 /* ViewController.swift */,
				B42FFF6C2524C0CB00802F59 /* Main.storyboard */,
				B42FFF6F2524C0CC00802F59 /* Assets.xcassets */,
				B42FFF712524C0CC00802F59 /* LaunchScreen.storyboard */,
				B42FFF742524C0CC00802F59 /* Info.plist */,
				B4F49E072551B3BF000CB802 /* ScreenShots */,
			);
			path = "Color FlashLight";
			sourceTree = "<group>";
		};
		B4F49E072551B3BF000CB802 /* ScreenShots */ = {
			isa = PBXGroup;
			children = (
				B4F49E092551B3BF000CB802 /* Снимок экрана 2020-11-03 в 18.48.24.png */,
				B4F49E082551B3BF000CB802 /* Снимок экрана 2020-11-03 в 18.47.48.png */,
			);
			path = ScreenShots;
			sourceTree = "<group>";
		};
/* End PBXGroup section */

/* Begin PBXNativeTarget section */
		B42FFF622524C0CB00802F59 /* Color FlashLight */ = {
			isa = PBXNativeTarget;
			buildConfigurationList = B42FFF772524C0CC00802F59 /* Build configuration list for PBXNativeTarget "Color FlashLight" */;
			buildPhases = (
				B42FFF5F2524C0CB00802F59 /* Sources */,
				B42FFF602524C0CB00802F59 /* Frameworks */,
				B42FFF612524C0CB00802F59 /* Resources */,
			);
			buildRules = (
			);
			dependencies = (
			);
			name = "Color FlashLight";
			productName = "Color FlashLight";
			productReference = B42FFF632524C0CB00802F59 /* Color FlashLight.app */;
			productType = "com.apple.product-type.application";
		};
/* End PBXNativeTarget section */

/* Begin PBXProject section */
		B42FFF5B2524C0CB00802F59 /* Project object */ = {
			isa = PBXProject;
			attributes = {
				LastSwiftUpdateCheck = 1200;
				LastUpgradeCheck = 1200;
				TargetAttributes = {
					B42FFF622524C0CB00802F59 = {
						CreatedOnToolsVersion = 12.0.1;
					};
				};
			};
			buildConfigurationList = B42FFF5E2524C0CB00802F59 /* Build configuration list for PBXProject "Color FlashLight" */;
			compatibilityVersion = "Xcode 9.3";
			developmentRegion = en;
			hasScannedForEncodings = 0;
			knownRegions = (
				en,
				Base,
			);
			mainGroup = B42FFF5A2524C0CB00802F59;
			productRefGroup = B42FFF642524C0CB00802F59 /* Products */;
			projectDirPath = "";
			projectRoot = "";
			targets = (
				B42FFF622524C0CB00802F59 /* Color FlashLight */,
			);
		};
/* End PBXProject section */

/* Begin PBXResourcesBuildPhase section */
		B42FFF612524C0CB00802F59 /* Resources */ = {
			isa = PBXResourcesBuildPhase;
			buildActionMask = 2147483647;
			files = (
				B42FFF732524C0CC00802F59 /* LaunchScreen.storyboard in Resources */,
				B42FFF702524C0CC00802F59 /* Assets.xcassets in Resources */,
				B42FFF6E2524C0CB00802F59 /* Main.storyboard in Resources */,
			);
			runOnlyForDeploymentPostprocessing = 0;
		};
/* End PBXResourcesBuildPhase section */

/* Begin PBXSourcesBuildPhase section */
		B42FFF5F2524C0CB00802F59 /* Sources */ = {
			isa = PBXSourcesBuildPhase;
			buildActionMask = 2147483647;
			files = (
				B42FFF6B2524C0CB00802F59 /* ViewController.swift in Sources */,
				B42FFF672524C0CB00802F59 /* AppDelegate.swift in Sources */,
				B42FFF692524C0CB00802F59 /* SceneDelegate.swift in Sources */,
			);
			runOnlyForDeploymentPostprocessing = 0;
		};
/* End PBXSourcesBuildPhase section */

/* Begin PBXVariantGroup section */
		B42FFF6C2524C0CB00802F59 /* Main.storyboard */ = {
			isa = PBXVariantGroup;
			children = (
				B42FFF6D2524C0CB00802F59 /* Base */,
			);
			name = Main.storyboard;
			sourceTree = "<group>";
		};
		B42FFF712524C0CC00802F59 /* LaunchScreen.storyboard */ = {
			isa = PBXVariantGroup;
			children = (
				B42FFF722524C0CC00802F59 /* Base */,
			);
			name = LaunchScreen.storyboard;
			sourceTree = "<group>";
		};
/* End PBXVariantGroup section */

/* Begin XCBuildConfiguration section */
		B42FFF752524C0CC00802F59 /* Debug */ = {
			isa = XCBuildConfiguration;
			buildSettings = {
				ALWAYS_SEARCH_USER_PATHS = NO;
				CLANG_ANALYZER_NONNULL = YES;
				CLANG_ANALYZER_NUMBER_OBJECT_CONVERSION = YES_AGGRESSIVE;
				CLANG_CXX_LANGUAGE_STANDARD = "gnu++14";
				CLANG_CXX_LIBRARY = "libc++";
				CLANG_ENABLE_MODULES = YES;
				CLANG_ENABLE_OBJC_ARC = YES;
				CLANG_ENABLE_OBJC_WEAK = YES;
				CLANG_WARN_BLOCK_CAPTURE_AUTORELEASING = YES;
				CLANG_WARN_BOOL_CONVERSION = YES;
				CLANG_WARN_COMMA = YES;
				CLANG_WARN_CONSTANT_CONVERSION = YES;
				CLANG_WARN_DEPRECATED_OBJC_IMPLEMENTATIONS = YES;
				CLANG_WARN_DIRECT_OBJC_ISA_USAGE = YES_ERROR;
				CLANG_WARN_DOCUMENTATION_COMMENTS = YES;
				CLANG_WARN_EMPTY_BODY = YES;
				CLANG_WARN_ENUM_CONVERSION = YES;
				CLANG_WARN_INFINITE_RECURSION = YES;
				CLANG_WARN_INT_CONVERSION = YES;
				CLANG_WARN_NON_LITERAL_NULL_CONVERSION = YES;
				CLANG_WARN_OBJC_IMPLICIT_RETAIN_SELF = YES;
				CLANG_WARN_OBJC_LITERAL_CONVERSION = YES;
				CLANG_WARN_OBJC_ROOT_CLASS = YES_ERROR;
				CLANG_WARN_QUOTED_INCLUDE_IN_FRAMEWORK_HEADER = YES;
				CLANG_WARN_RANGE_LOOP_ANALYSIS = YES;
				CLANG_WARN_STRICT_PROTOTYPES = YES;
				CLANG_WARN_SUSPICIOUS_MOVE = YES;
				CLANG_WARN_UNGUARDED_AVAILABILITY = YES_AGGRESSIVE;
				CLANG_WARN_UNREACHABLE_CODE = YES;
				CLANG_WARN__DUPLICATE_METHOD_MATCH = YES;
				COPY_PHASE_STRIP = NO;
				DEBUG_INFORMATION_FORMAT = dwarf;
				ENABLE_STRICT_OBJC_MSGSEND = YES;
				ENABLE_TESTABILITY = YES;
				GCC_C_LANGUAGE_STANDARD = gnu11;
				GCC_DYNAMIC_NO_PIC = NO;
				GCC_NO_COMMON_BLOCKS = YES;
				GCC_OPTIMIZATION_LEVEL = 0;
				GCC_PREPROCESSOR_DEFINITIONS = (
					"DEBUG=1",
					"$(inherited)",
				);
				GCC_WARN_64_TO_32_BIT_CONVERSION = YES;
				GCC_WARN_ABOUT_RETURN_TYPE = YES_ERROR;
				GCC_WARN_UNDECLARED_SELECTOR = YES;
				GCC_WARN_UNINITIALIZED_AUTOS = YES_AGGRESSIVE;
				GCC_WARN_UNUSED_FUNCTION = YES;
				GCC_WARN_UNUSED_VARIABLE = YES;
				IPHONEOS_DEPLOYMENT_TARGET = 14.0;
				MTL_ENABLE_DEBUG_INFO = INCLUDE_SOURCE;
				MTL_FAST_MATH = YES;
				ONLY_ACTIVE_ARCH = YES;
				SDKROOT = iphoneos;
				SWIFT_ACTIVE_COMPILATION_CONDITIONS = DEBUG;
				SWIFT_OPTIMIZATION_LEVEL = "-Onone";
			};
			name = Debug;
		};
		B42FFF762524C0CC00802F59 /* Release */ = {
			isa = XCBuildConfiguration;
			buildSettings = {
				ALWAYS_SEARCH_USER_PATHS = NO;
				CLANG_ANALYZER_NONNULL = YES;
				CLANG_ANALYZER_NUMBER_OBJECT_CONVERSION = YES_AGGRESSIVE;
				CLANG_CXX_LANGUAGE_STANDARD = "gnu++14";
				CLANG_CXX_LIBRARY = "libc++";
				CLANG_ENABLE_MODULES = YES;
				CLANG_ENABLE_OBJC_ARC = YES;
				CLANG_ENABLE_OBJC_WEAK = YES;
				CLANG_WARN_BLOCK_CAPTURE_AUTORELEASING = YES;
				CLANG_WARN_BOOL_CONVERSION = YES;
				CLANG_WARN_COMMA = YES;
				CLANG_WARN_CONSTANT_CONVERSION = YES;
				CLANG_WARN_DEPRECATED_OBJC_IMPLEMENTATIONS = YES;
				CLANG_WARN_DIRECT_OBJC_ISA_USAGE = YES_ERROR;
				CLANG_WARN_DOCUMENTATION_COMMENTS = YES;
				CLANG_WARN_EMPTY_BODY = YES;
				CLANG_WARN_ENUM_CONVERSION = YES;
				CLANG_WARN_INFINITE_RECURSION = YES;
				CLANG_WARN_INT_CONVERSION = YES;
				CLANG_WARN_NON_LITERAL_NULL_CONVERSION = YES;
				CLANG_WARN_OBJC_IMPLICIT_RETAIN_SELF = YES;
				CLANG_WARN_OBJC_LITERAL_CONVERSION = YES;
				CLANG_WARN_OBJC_ROOT_CLASS = YES_ERROR;
				CLANG_WARN_QUOTED_INCLUDE_IN_FRAMEWORK_HEADER = YES;
				CLANG_WARN_RANGE_LOOP_ANALYSIS = YES;
				CLANG_WARN_STRICT_PROTOTYPES = YES;
				CLANG_WARN_SUSPICIOUS_MOVE = YES;
				CLANG_WARN_UNGUARDED_AVAILABILITY = YES_AGGRESSIVE;
				CLANG_WARN_UNREACHABLE_CODE = YES;
				CLANG_WARN__DUPLICATE_METHOD_MATCH = YES;
				COPY_PHASE_STRIP = NO;
				DEBUG_INFORMATION_FORMAT = "dwarf-with-dsym";
				ENABLE_NS_ASSERTIONS = NO;
				ENABLE_STRICT_OBJC_MSGSEND = YES;
				GCC_C_LANGUAGE_STANDARD = gnu11;
				GCC_NO_COMMON_BLOCKS = YES;
				GCC_WARN_64_TO_32_BIT_CONVERSION = YES;
				GCC_WARN_ABOUT_RETURN_TYPE = YES_ERROR;
				GCC_WARN_UNDECLARED_SELECTOR = YES;
				GCC_WARN_UNINITIALIZED_AUTOS = YES_AGGRESSIVE;
				GCC_WARN_UNUSED_FUNCTION = YES;
				GCC_WARN_UNUSED_VARIABLE = YES;
				IPHONEOS_DEPLOYMENT_TARGET = 14.0;
				MTL_ENABLE_DEBUG_INFO = NO;
				MTL_FAST_MATH = YES;
				SDKROOT = iphoneos;
				SWIFT_COMPILATION_MODE = wholemodule;
				SWIFT_OPTIMIZATION_LEVEL = "-O";
				VALIDATE_PRODUCT = YES;
			};
			name = Release;
		};
		B42FFF782524C0CC00802F59 /* Debug */ = {
			isa = XCBuildConfiguration;
			buildSettings = {
				ASSETCATALOG_COMPILER_APPICON_NAME = AppIcon;
				ASSETCATALOG_COMPILER_GLOBAL_ACCENT_COLOR_NAME = AccentColor;
				CODE_SIGN_STYLE = Automatic;
				DEVELOPMENT_TEAM = 497S223977;
				INFOPLIST_FILE = "Color FlashLight/Info.plist";
				LD_RUNPATH_SEARCH_PATHS = (
					"$(inherited)",
					"@executable_path/Frameworks",
				);
				PRODUCT_BUNDLE_IDENTIFIER = "com.awesome.Color-FlashLight";
				PRODUCT_NAME = "$(TARGET_NAME)";
				SWIFT_VERSION = 5.0;
				TARGETED_DEVICE_FAMILY = "1,2";
			};
			name = Debug;
		};
		B42FFF792524C0CC00802F59 /* Release */ = {
			isa = XCBuildConfiguration;
			buildSettings = {
				ASSETCATALOG_COMPILER_APPICON_NAME = AppIcon;
				ASSETCATALOG_COMPILER_GLOBAL_ACCENT_COLOR_NAME = AccentColor;
				CODE_SIGN_STYLE = Automatic;
				DEVELOPMENT_TEAM = 497S223977;
				INFOPLIST_FILE = "Color FlashLight/Info.plist";
				LD_RUNPATH_SEARCH_PATHS = (
					"$(inherited)",
					"@executable_path/Frameworks",
				);
				PRODUCT_BUNDLE_IDENTIFIER = "com.awesome.Color-FlashLight";
				PRODUCT_NAME = "$(TARGET_NAME)";
				SWIFT_VERSION = 5.0;
				TARGETED_DEVICE_FAMILY = "1,2";
			};
			name = Release;
		};
/* End XCBuildConfiguration section */

/* Begin XCConfigurationList section */
		B42FFF5E2524C0CB00802F59 /* Build configuration list for PBXProject "Color FlashLight" */ = {
			isa = XCConfigurationList;
			buildConfigurations = (
				B42FFF752524C0CC00802F59 /* Debug */,
				B42FFF762524C0CC00802F59 /* Release */,
			);
			defaultConfigurationIsVisible = 0;
			defaultConfigurationName = Release;
		};
		B42FFF772524C0CC00802F59 /* Build configuration list for PBXNativeTarget "Color FlashLight" */ = {
			isa = XCConfigurationList;
			buildConfigurations = (
				B42FFF782524C0CC00802F59 /* Debug */,
				B42FFF792524C0CC00802F59 /* Release */,
			);
			defaultConfigurationIsVisible = 0;
			defaultConfigurationName = Release;
		};
/* End XCConfigurationList section */
	};
	rootObject = B42FFF5B2524C0CB00802F59 /* Project object */;
}
